// !$*UTF8*$!
{
	archiveVersion = 1;
	classes = {
	};
	objectVersion = 46;
	objects = {

/* Begin PBXBuildFile section */
		55246C891E8ED85800E1A619 /* AppDelegate.swift in Sources */ = {isa = PBXBuildFile; fileRef = 55246C881E8ED85800E1A619 /* AppDelegate.swift */; };
		55246C8E1E8ED85800E1A619 /* Main.storyboard in Resources */ = {isa = PBXBuildFile; fileRef = 55246C8C1E8ED85800E1A619 /* Main.storyboard */; };
		55246C901E8ED85800E1A619 /* Assets.xcassets in Resources */ = {isa = PBXBuildFile; fileRef = 55246C8F1E8ED85800E1A619 /* Assets.xcassets */; };
		55246C931E8ED85800E1A619 /* LaunchScreen.storyboard in Resources */ = {isa = PBXBuildFile; fileRef = 55246C911E8ED85800E1A619 /* LaunchScreen.storyboard */; };
		55246C9B1E8ED95700E1A619 /* AltimeterTableViewController.swift in Sources */ = {isa = PBXBuildFile; fileRef = 55246C9A1E8ED95700E1A619 /* AltimeterTableViewController.swift */; };
/* End PBXBuildFile section */

/* Begin PBXFileReference section */
		55246C851E8ED85800E1A619 /* CMAltimeterDemo.app */ = {isa = PBXFileReference; explicitFileType = wrapper.application; includeInIndex = 0; path = CMAltimeterDemo.app; sourceTree = BUILT_PRODUCTS_DIR; };
		55246C881E8ED85800E1A619 /* AppDelegate.swift */ = {isa = PBXFileReference; lastKnownFileType = sourcecode.swift; path = AppDelegate.swift; sourceTree = "<group>"; };
		55246C8D1E8ED85800E1A619 /* Base */ = {isa = PBXFileReference; lastKnownFileType = file.storyboard; name = Base; path = Base.lproj/Main.storyboard; sourceTree = "<group>"; };
		55246C8F1E8ED85800E1A619 /* Assets.xcassets */ = {isa = PBXFileReference; lastKnownFileType = folder.assetcatalog; path = Assets.xcassets; sourceTree = "<group>"; };
		55246C921E8ED85800E1A619 /* Base */ = {isa = PBXFileReference; lastKnownFileType = file.storyboard; name = Base; path = Base.lproj/LaunchScreen.storyboard; sourceTree = "<group>"; };
		55246C941E8ED85800E1A619 /* Info.plist */ = {isa = PBXFileReference; lastKnownFileType = text.plist.xml; path = Info.plist; sourceTree = "<group>"; };
		55246C9A1E8ED95700E1A619 /* AltimeterTableViewController.swift */ = {isa = PBXFileReference; fileEncoding = 4; lastKnownFileType = sourcecode.swift; path = AltimeterTableViewController.swift; sourceTree = "<group>"; };
/* End PBXFileReference section */

/* Begin PBXFrameworksBuildPhase section */
		55246C821E8ED85800E1A619 /* Frameworks */ = {
			isa = PBXFrameworksBuildPhase;
			buildActionMask = 2147483647;
			files = (
			);
			runOnlyForDeploymentPostprocessing = 0;
		};
/* End PBXFrameworksBuildPhase section */

/* Begin PBXGroup section */
		55246C7C1E8ED85800E1A619 = {
			isa = PBXGroup;
			children = (
				55246C871E8ED85800E1A619 /* CMAltimeterDemo */,
				55246C861E8ED85800E1A619 /* Products */,
			);
			sourceTree = "<group>";
		};
		55246C861E8ED85800E1A619 /* Products */ = {
			isa = PBXGroup;
			children = (
				55246C851E8ED85800E1A619 /* CMAltimeterDemo.app */,
			);
			name = Products;
			sourceTree = "<group>";
		};
		55246C871E8ED85800E1A619 /* CMAltimeterDemo */ = {
			isa = PBXGroup;
			children = (
				55246C9A1E8ED95700E1A619 /* AltimeterTableViewController.swift */,
				55246C881E8ED85800E1A619 /* AppDelegate.swift */,
				55246C8C1E8ED85800E1A619 /* Main.storyboard */,
				55246C8F1E8ED85800E1A619 /* Assets.xcassets */,
				55246C911E8ED85800E1A619 /* LaunchScreen.storyboard */,
				55246C941E8ED85800E1A619 /* Info.plist */,
			);
			path = CMAltimeterDemo;
			sourceTree = "<group>";
		};
/* End PBXGroup section */

/* Begin PBXNativeTarget section */
		55246C841E8ED85800E1A619 /* CMAltimeterDemo */ = {
			isa = PBXNativeTarget;
			buildConfigurationList = 55246C971E8ED85800E1A619 /* Build configuration list for PBXNativeTarget "CMAltimeterDemo" */;
			buildPhases = (
				55246C811E8ED85800E1A619 /* Sources */,
				55246C821E8ED85800E1A619 /* Frameworks */,
				55246C831E8ED85800E1A619 /* Resources */,
			);
			buildRules = (
			);
			dependencies = (
			);
			name = CMAltimeterDemo;
			productName = CMAltimeterDemo;
			productReference = 55246C851E8ED85800E1A619 /* CMAltimeterDemo.app */;
			productType = "com.apple.product-type.application";
		};
/* End PBXNativeTarget section */

/* Begin PBXProject section */
		55246C7D1E8ED85800E1A619 /* Project object */ = {
			isa = PBXProject;
			attributes = {
				LastSwiftUpdateCheck = 0830;
				LastUpgradeCheck = 0830;
				ORGANIZATIONNAME = "Erica Winberry";
				TargetAttributes = {
					55246C841E8ED85800E1A619 = {
						CreatedOnToolsVersion = 8.3;
						DevelopmentTeam = 4YFWUVNT8L;
						ProvisioningStyle = Automatic;
					};
				};
			};
			buildConfigurationList = 55246C801E8ED85800E1A619 /* Build configuration list for PBXProject "CMAltimeterDemo" */;
			compatibilityVersion = "Xcode 3.2";
			developmentRegion = English;
			hasScannedForEncodings = 0;
			knownRegions = (
				en,
				Base,
			);
			mainGroup = 55246C7C1E8ED85800E1A619;
			productRefGroup = 55246C861E8ED85800E1A619 /* Products */;
			projectDirPath = "";
			projectRoot = "";
			targets = (
				55246C841E8ED85800E1A619 /* CMAltimeterDemo */,
			);
		};
/* End PBXProject section */

/* Begin PBXResourcesBuildPhase section */
		55246C831E8ED85800E1A619 /* Resources */ = {
			isa = PBXResourcesBuildPhase;
			buildActionMask = 2147483647;
			files = (
				55246C931E8ED85800E1A619 /* LaunchScreen.storyboard in Resources */,
				55246C901E8ED85800E1A619 /* Assets.xcassets in Resources */,
				55246C8E1E8ED85800E1A619 /* Main.storyboard in Resources */,
			);
			runOnlyForDeploymentPostprocessing = 0;
		};
/* End PBXResourcesBuildPhase section */

/* Begin PBXSourcesBuildPhase section */
		55246C811E8ED85800E1A619 /* Sources */ = {
			isa = PBXSourcesBuildPhase;
			buildActionMask = 2147483647;
			files = (
				55246C891E8ED85800E1A619 /* AppDelegate.swift in Sources */,
				55246C9B1E8ED95700E1A619 /* AltimeterTableViewController.swift in Sources */,
			);
			runOnlyForDeploymentPostprocessing = 0;
		};
/* End PBXSourcesBuildPhase section */

/* Begin PBXVariantGroup section */
		55246C8C1E8ED85800E1A619 /* Main.storyboard */ = {
			isa = PBXVariantGroup;
			children = (
				55246C8D1E8ED85800E1A619 /* Base */,
			);
			name = Main.storyboard;
			sourceTree = "<group>";
		};
		55246C911E8ED85800E1A619 /* LaunchScreen.storyboard */ = {
			isa = PBXVariantGroup;
			children = (
				55246C921E8ED85800E1A619 /* Base */,
			);
			name = LaunchScreen.storyboard;
			sourceTree = "<group>";
		};
/* End PBXVariantGroup section */

/* Begin XCBuildConfiguration section */
		55246C951E8ED85800E1A619 /* Debug */ = {
			isa = XCBuildConfiguration;
			buildSettings = {
				ALWAYS_SEARCH_USER_PATHS = NO;
				CLANG_ANALYZER_NONNULL = YES;
				CLANG_ANALYZER_NUMBER_OBJECT_CONVERSION = YES_AGGRESSIVE;
				CLANG_CXX_LANGUAGE_STANDARD = "gnu++0x";
				CLANG_CXX_LIBRARY = "libc++";
				CLANG_ENABLE_MODULES = YES;
				CLANG_ENABLE_OBJC_ARC = YES;
				CLANG_WARN_BOOL_CONVERSION = YES;
				CLANG_WARN_CONSTANT_CONVERSION = YES;
				CLANG_WARN_DIRECT_OBJC_ISA_USAGE = YES_ERROR;
				CLANG_WARN_DOCUMENTATION_COMMENTS = YES;
				CLANG_WARN_EMPTY_BODY = YES;
				CLANG_WARN_ENUM_CONVERSION = YES;
				CLANG_WARN_INFINITE_RECURSION = YES;
				CLANG_WARN_INT_CONVERSION = YES;
				CLANG_WARN_OBJC_ROOT_CLASS = YES_ERROR;
				CLANG_WARN_SUSPICIOUS_MOVE = YES;
				CLANG_WARN_UNREACHABLE_CODE = YES;
				CLANG_WARN__DUPLICATE_METHOD_MATCH = YES;
				"CODE_SIGN_IDENTITY[sdk=iphoneos*]" = "iPhone Developer";
				COPY_PHASE_STRIP = NO;
				DEBUG_INFORMATION_FORMAT = dwarf;
				ENABLE_STRICT_OBJC_MSGSEND = YES;
				ENABLE_TESTABILITY = YES;
				GCC_C_LANGUAGE_STANDARD = gnu99;
				GCC_DYNAMIC_NO_PIC = NO;
				GCC_NO_COMMON_BLOCKS = YES;
				GCC_OPTIMIZATION_LEVEL = 0;
				GCC_PREPROCESSOR_DEFINITIONS = (
					"DEBUG=1",
					"$(inherited)",
				);
				GCC_WARN_64_TO_32_BIT_CONVERSION = YES;
				GCC_WARN_ABOUT_RETURN_TYPE = YES_ERROR;
				GCC_WARN_UNDECLARED_SELECTOR = YES;
				GCC_WARN_UNINITIALIZED_AUTOS = YES_AGGRESSIVE;
				GCC_WARN_UNUSED_FUNCTION = YES;
				GCC_WARN_UNUSED_VARIABLE = YES;
				IPHONEOS_DEPLOYMENT_TARGET = 10.3;
				MTL_ENABLE_DEBUG_INFO = YES;
				ONLY_ACTIVE_ARCH = YES;
				SDKROOT = iphoneos;
				SWIFT_ACTIVE_COMPILATION_CONDITIONS = DEBUG;
				SWIFT_OPTIMIZATION_LEVEL = "-Onone";
				TARGETED_DEVICE_FAMILY = "1,2";
			};
			name = Debug;
		};
		55246C961E8ED85800E1A619 /* Release */ = {
			isa = XCBuildConfiguration;
			buildSettings = {
				ALWAYS_SEARCH_USER_PATHS = NO;
				CLANG_ANALYZER_NONNULL = YES;
				CLANG_ANALYZER_NUMBER_OBJECT_CONVERSION = YES_AGGRESSIVE;
				CLANG_CXX_LANGUAGE_STANDARD = "gnu++0x";
				CLANG_CXX_LIBRARY = "libc++";
				CLANG_ENABLE_MODULES = YES;
				CLANG_ENABLE_OBJC_ARC = YES;
				CLANG_WARN_BOOL_CONVERSION = YES;
				CLANG_WARN_CONSTANT_CONVERSION = YES;
				CLANG_WARN_DIRECT_OBJC_ISA_USAGE = YES_ERROR;
				CLANG_WARN_DOCUMENTATION_COMMENTS = YES;
				CLANG_WARN_EMPTY_BODY = YES;
				CLANG_WARN_ENUM_CONVERSION = YES;
				CLANG_WARN_INFINITE_RECURSION = YES;
				CLANG_WARN_INT_CONVERSION = YES;
				CLANG_WARN_OBJC_ROOT_CLASS = YES_ERROR;
				CLANG_WARN_SUSPICIOUS_MOVE = YES;
				CLANG_WARN_UNREACHABLE_CODE = YES;
				CLANG_WARN__DUPLICATE_METHOD_MATCH = YES;
				"CODE_SIGN_IDENTITY[sdk=iphoneos*]" = "iPhone Developer";
				COPY_PHASE_STRIP = NO;
				DEBUG_INFORMATION_FORMAT = "dwarf-with-dsym";
				ENABLE_NS_ASSERTIONS = NO;
				ENABLE_STRICT_OBJC_MSGSEND = YES;
				GCC_C_LANGUAGE_STANDARD = gnu99;
				GCC_NO_COMMON_BLOCKS = YES;
				GCC_WARN_64_TO_32_BIT_CONVERSION = YES;
				GCC_WARN_ABOUT_RETURN_TYPE = YES_ERROR;
				GCC_WARN_UNDECLARED_SELECTOR = YES;
				GCC_WARN_UNINITIALIZED_AUTOS = YES_AGGRESSIVE;
				GCC_WARN_UNUSED_FUNCTION = YES;
				GCC_WARN_UNUSED_VARIABLE = YES;
				IPHONEOS_DEPLOYMENT_TARGET = 10.3;
				MTL_ENABLE_DEBUG_INFO = NO;
				SDKROOT = iphoneos;
				SWIFT_OPTIMIZATION_LEVEL = "-Owholemodule";
				TARGETED_DEVICE_FAMILY = "1,2";
				VALIDATE_PRODUCT = YES;
			};
			name = Release;
		};
		55246C981E8ED85800E1A619 /* Debug */ = {
			isa = XCBuildConfiguration;
			buildSettings = {
				ASSETCATALOG_COMPILER_APPICON_NAME = AppIcon;
				DEVELOPMENT_TEAM = 4YFWUVNT8L;
				INFOPLIST_FILE = CMAltimeterDemo/Info.plist;
				LD_RUNPATH_SEARCH_PATHS = "$(inherited) @executable_path/Frameworks";
				PRODUCT_BUNDLE_IDENTIFIER = com.ericawinberry.CMAltimeterDemo;
				PRODUCT_NAME = "$(TARGET_NAME)";
				SWIFT_VERSION = 3.0;
			};
			name = Debug;
		};
		55246C991E8ED85800E1A619 /* Release */ = {
			isa = XCBuildConfiguration;
			buildSettings = {
				ASSETCATALOG_COMPILER_APPICON_NAME = AppIcon;
				DEVELOPMENT_TEAM = 4YFWUVNT8L;
				INFOPLIST_FILE = CMAltimeterDemo/Info.plist;
				LD_RUNPATH_SEARCH_PATHS = "$(inherited) @executable_path/Frameworks";
				PRODUCT_BUNDLE_IDENTIFIER = com.ericawinberry.CMAltimeterDemo;
				PRODUCT_NAME = "$(TARGET_NAME)";
				SWIFT_VERSION = 3.0;
			};
			name = Release;
		};
/* End XCBuildConfiguration section */

/* Begin XCConfigurationList section */
		55246C801E8ED85800E1A619 /* Build configuration list for PBXProject "CMAltimeterDemo" */ = {
			isa = XCConfigurationList;
			buildConfigurations = (
				55246C951E8ED85800E1A619 /* Debug */,
				55246C961E8ED85800E1A619 /* Release */,
			);
			defaultConfigurationIsVisible = 0;
			defaultConfigurationName = Release;
		};
		55246C971E8ED85800E1A619 /* Build configuration list for PBXNativeTarget "CMAltimeterDemo" */ = {
			isa = XCConfigurationList;
			buildConfigurations = (
				55246C981E8ED85800E1A619 /* Debug */,
				55246C991E8ED85800E1A619 /* Release */,
			);
			defaultConfigurationIsVisible = 0;
		};
/* End XCConfigurationList section */
	};
	rootObject = 55246C7D1E8ED85800E1A619 /* Project object */;
}
